Microsoft Visual Studio Solution File, Format Version 12.00
# Visual Studio Version 17
VisualStudioVersion = 17.5.2.0
MinimumVisualStudioVersion = 10.0.40219.1
Project("{FAE04EC0-301F-11D3-BF4B-00C04F79EFBC}") = "MCPSample", "MCPSample.csproj", "{8CAB4BBD-9561-8171-EA61-36AF92DF4AEB}"
EndProject
Global
	GlobalSection(SolutionConfigurationPlatforms) = preSolution
		Debug|Any CPU = Debug|Any CPU
		Release|Any CPU = Release|Any CPU
	EndGlobalSection
	GlobalSection(ProjectConfigurationPlatforms) = postSolution
		{8CAB4BBD-9561-8171-EA61-36AF92DF4AEB}.Debug|Any CPU.ActiveCfg = Debug|Any CPU
		{8CAB4BBD-9561-8171-EA61-36AF92DF4AEB}.Debug|Any CPU.Build.0 = Debug|Any CPU
		{8CAB4BBD-9561-8171-EA61-36AF92DF4AEB}.Release|Any CPU.ActiveCfg = Release|Any CPU
		{8CAB4BBD-9561-8171-EA61-36AF92DF4AEB}.Release|Any CPU.Build.0 = Release|Any CPU
	EndGlobalSection
	GlobalSection(SolutionProperties) = preSolution
		HideSolutionNode = FALSE
	EndGlobalSection
	GlobalSection(ExtensibilityGlobals) = postSolution
		SolutionGuid = {60446255-8A90-47DD-9EE3-27A207B7F3D1}
	EndGlobalSection
EndGlobal
